
Microsoft Visual Studio Solution File, Format Version 12.00
# Visual Studio Version 17
VisualStudioVersion = 17.10.35122.118
MinimumVisualStudioVersion = 10.0.40219.1
Project("{FAE04EC0-301F-11D3-BF4B-00C04F79EFBC}") = "Assignment 1--", "Assignment 1--\Assignment 1--.csproj", "{1688B480-71FB-4B88-89FC-AEB74F5E8F61}"
EndProject
Global
	GlobalSection(SolutionConfigurationPlatforms) = preSolution
		Debug|Any CPU = Debug|Any CPU
		Release|Any CPU = Release|Any CPU
	EndGlobalSection
	GlobalSection(ProjectConfigurationPlatforms) = postSolution
		{1688B480-71FB-4B88-89FC-AEB74F5E8F61}.Debug|Any CPU.ActiveCfg = Debug|Any CPU
		{1688B480-71FB-4B88-89FC-AEB74F5E8F61}.Debug|Any CPU.Build.0 = Debug|Any CPU
		{1688B480-71FB-4B88-89FC-AEB74F5E8F61}.Release|Any CPU.ActiveCfg = Release|Any CPU
		{1688B480-71FB-4B88-89FC-AEB74F5E8F61}.Release|Any CPU.Build.0 = Release|Any CPU
	EndGlobalSection
	GlobalSection(SolutionProperties) = preSolution
		HideSolutionNode = FALSE
	EndGlobalSection
	GlobalSection(ExtensibilityGlobals) = postSolution
		SolutionGuid = {985ADACC-A751-4DD1-9C8B-79E494DD7153}
	EndGlobalSection
EndGlobal
